{
  "name": "GTA-VI",
  "lockfileVersion": 3,
  "requires": true,
  "packages": {
    "": {
      "dependencies": {
        "@gsap/react": "^2.1.2"
      }
    },
    "node_modules/@gsap/react": {
      "version": "2.1.2",
      "resolved": "https://registry.npmjs.org/@gsap/react/-/react-2.1.2.tgz",
      "integrity": "sha512-JqliybO1837UcgH2hVOM4VO+38APk3ECNrsuSM4MuXp+rbf+/2IG2K1YJiqfTcXQHH7XlA0m3ykniFYstfq0Iw==",
      "license": "SEE LICENSE AT https://gsap.com/standard-license",
      "peerDependencies": {
        "gsap": "^3.12.5",
        "react": ">=17"
      }
    }
  }
}
